
Microsoft Visual Studio Solution File, Format Version 12.00
# Visual Studio Version 16
VisualStudioVersion = 16.0.31605.320
MinimumVisualStudioVersion = 10.0.40219.1
Project("{2150E333-8FDC-42A3-9474-1A3956D46DE8}") = "Clase 01", "Clase 01", "{206009CC-0BCF-4207-AB2C-C3667DB17453}"
EndProject
Project("{9A19103F-16F7-4668-BE54-9A1E7A4F7556}") = "01_C_Ej_01", "Calculadora\01_C_Ej_01.csproj", "{B76AA030-87DB-43EF-8D22-AC239B02B203}"
EndProject
Project("{9A19103F-16F7-4668-BE54-9A1E7A4F7556}") = "01_C_Ej_02", "EjemploArrays\01_C_Ej_02.csproj", "{02F903A1-5457-4972-BAA6-E232834E58C7}"
EndProject
Project("{2150E333-8FDC-42A3-9474-1A3956D46DE8}") = "Clase 02", "Clase 02", "{B62951F0-E84C-4F5B-892D-06AC72DA5C67}"
EndProject
Project("{9A19103F-16F7-4668-BE54-9A1E7A4F7556}") = "02_C_Ej_01", "02_Ejercicio_01\02_C_Ej_01.csproj", "{56F6F194-B535-4BB5-A366-455A9DF68562}"
EndProject
Project("{9A19103F-16F7-4668-BE54-9A1E7A4F7556}") = "02_C_Ej_02", "02_Ejercicio_02\02_C_Ej_02.csproj", "{BC548B3A-36C8-41F7-82DB-E7A076BC170C}"
EndProject
Project("{2150E333-8FDC-42A3-9474-1A3956D46DE8}") = "En Clase", "En Clase", "{6B5684B2-4630-4755-9FEF-02E8E3EBC202}"
EndProject
Project("{2150E333-8FDC-42A3-9474-1A3956D46DE8}") = "En clase", "En clase", "{C0835471-1A20-4477-A3E7-3658D0B70383}"
EndProject
Project("{2150E333-8FDC-42A3-9474-1A3956D46DE8}") = "Tarea", "Tarea", "{723C8062-B9FA-4853-BADC-BB3FF8390E79}"
EndProject
Project("{9A19103F-16F7-4668-BE54-9A1E7A4F7556}") = "02_T_Ej_01", "02_Tarea_Ejercicio_01\02_T_Ej_01.csproj", "{8D8A4834-2C7A-4E54-9E1B-537329A45B51}"
EndProject
Project("{9A19103F-16F7-4668-BE54-9A1E7A4F7556}") = "02_T_Ej_02", "02_Tarea_Ejercicio_02\02_T_Ej_02.csproj", "{071FBB4E-4571-4DD7-9364-1921FBF989B5}"
EndProject
Project("{FAE04EC0-301F-11D3-BF4B-00C04F79EFBC}") = "02_T_Ej_03", "02_Tarea_Ejercicio_03\02_T_Ej_03.csproj", "{3D6EBB07-5AB1-4261-A31C-02C53C839F18}"
EndProject
Project("{9A19103F-16F7-4668-BE54-9A1E7A4F7556}") = "02_T_Ej_04", "02_T_Ej_04\02_T_Ej_04.csproj", "{21649011-FFDA-4FEC-A827-2AA434450D38}"
EndProject
Project("{2150E333-8FDC-42A3-9474-1A3956D46DE8}") = "Clase 03", "Clase 03", "{76ED29FF-5262-4723-BDB6-12BED12982DC}"
EndProject
Project("{2150E333-8FDC-42A3-9474-1A3956D46DE8}") = "En Clase", "En Clase", "{E2E04442-6214-4EF5-B692-B7CCFF53B1AB}"
EndProject
Project("{9A19103F-16F7-4668-BE54-9A1E7A4F7556}") = "PetShop", "PetShop\PetShop.csproj", "{544CF6BE-EC8B-4CEE-836F-B676A1E7B089}"
EndProject
Project("{2150E333-8FDC-42A3-9474-1A3956D46DE8}") = "Clase 04", "Clase 04", "{51740F16-F065-462E-B5B1-E1C80237290D}"
EndProject
Project("{9A19103F-16F7-4668-BE54-9A1E7A4F7556}") = "Clase 04", "Clase 04\Clase 04.csproj", "{419B0E77-EEAD-40F8-87B0-D5C0F82F939E}"
EndProject
Project("{2150E333-8FDC-42A3-9474-1A3956D46DE8}") = "Clase 04 ej", "Clase 04 ej", "{07BBB3AC-3AE3-4B8B-8449-53DF4031C26C}"
EndProject
Project("{9A19103F-16F7-4668-BE54-9A1E7A4F7556}") = "Heroe", "Heroe\Heroe.csproj", "{5D37C1AC-0AD1-4CD6-9EC5-1CEEF6774D47}"
EndProject
Project("{2150E333-8FDC-42A3-9474-1A3956D46DE8}") = "Clase 05", "Clase 05", "{2C7CF99B-3DAA-4BC8-B615-C1EEC26ABC96}"
EndProject
Project("{9A19103F-16F7-4668-BE54-9A1E7A4F7556}") = "HeroeApp", "HeroeApp\HeroeApp.csproj", "{3E992DC3-3288-4585-848F-7B8F5FD24D09}"
EndProject
Project("{9A19103F-16F7-4668-BE54-9A1E7A4F7556}") = "Entidades", "ClassLibrary1\Entidades.csproj", "{60D7AAB6-37B5-4C2D-AF2B-BB17E3C7CF8B}"
EndProject
Project("{2150E333-8FDC-42A3-9474-1A3956D46DE8}") = "Clase 06", "Clase 06", "{F51B61B3-A252-4DF7-8C6C-5EF129F95A5A}"
EndProject
Project("{2150E333-8FDC-42A3-9474-1A3956D46DE8}") = "Clase", "Clase", "{9518D524-885C-4422-8A73-883AAA192618}"
EndProject
Project("{9A19103F-16F7-4668-BE54-9A1E7A4F7556}") = "Colecciones - Listas", "Colecciones\Colecciones - Listas.csproj", "{3BD462ED-82E2-43C7-ABA7-B05F88C52D25}"
EndProject
Project("{9A19103F-16F7-4668-BE54-9A1E7A4F7556}") = "Colecciones - Pila", "Colecciones - Pila\Colecciones - Pila.csproj", "{8401E301-95A4-47EA-B148-0D72096B8EA6}"
EndProject
Project("{9A19103F-16F7-4668-BE54-9A1E7A4F7556}") = "Colecciones - cola", "Colecciones - cola\Colecciones - cola.csproj", "{BDD1DCED-DD36-44D9-B399-3CD487358E04}"
EndProject
Project("{9A19103F-16F7-4668-BE54-9A1E7A4F7556}") = "Colecciones - Diccionario", "Colecciones - Diccionario\Colecciones - Diccionario.csproj", "{42B5CA61-1C2D-4D92-A231-B56131F58DD4}"
EndProject
Project("{2150E333-8FDC-42A3-9474-1A3956D46DE8}") = "Clase 07", "Clase 07", "{42F7232B-8A29-49EC-82C3-CDA0626B6391}"
EndProject
Project("{FAE04EC0-301F-11D3-BF4B-00C04F79EFBC}") = "Clase_07_UI", "Clase_07_UI\Clase_07_UI.csproj", "{BC030A83-299D-46A1-B26A-7CD0A7DC8B67}"
EndProject
Project("{FAE04EC0-301F-11D3-BF4B-00C04F79EFBC}") = "Entidades", "Entidades\Entidades.csproj", "{803E73B0-4167-4100-BB3D-D4B03B47771B}"
EndProject
Global
	GlobalSection(SolutionConfigurationPlatforms) = preSolution
		Debug|Any CPU = Debug|Any CPU
		Release|Any CPU = Release|Any CPU
	EndGlobalSection
	GlobalSection(ProjectConfigurationPlatforms) = postSolution
		{B76AA030-87DB-43EF-8D22-AC239B02B203}.Debug|Any CPU.ActiveCfg = Debug|Any CPU
		{B76AA030-87DB-43EF-8D22-AC239B02B203}.Debug|Any CPU.Build.0 = Debug|Any CPU
		{B76AA030-87DB-43EF-8D22-AC239B02B203}.Release|Any CPU.ActiveCfg = Release|Any CPU
		{B76AA030-87DB-43EF-8D22-AC239B02B203}.Release|Any CPU.Build.0 = Release|Any CPU
		{02F903A1-5457-4972-BAA6-E232834E58C7}.Debug|Any CPU.ActiveCfg = Debug|Any CPU
		{02F903A1-5457-4972-BAA6-E232834E58C7}.Debug|Any CPU.Build.0 = Debug|Any CPU
		{02F903A1-5457-4972-BAA6-E232834E58C7}.Release|Any CPU.ActiveCfg = Release|Any CPU
		{02F903A1-5457-4972-BAA6-E232834E58C7}.Release|Any CPU.Build.0 = Release|Any CPU
		{56F6F194-B535-4BB5-A366-455A9DF68562}.Debug|Any CPU.ActiveCfg = Debug|Any CPU
		{56F6F194-B535-4BB5-A366-455A9DF68562}.Debug|Any CPU.Build.0 = Debug|Any CPU
		{56F6F194-B535-4BB5-A366-455A9DF68562}.Release|Any CPU.ActiveCfg = Release|Any CPU
		{56F6F194-B535-4BB5-A366-455A9DF68562}.Release|Any CPU.Build.0 = Release|Any CPU
		{BC548B3A-36C8-41F7-82DB-E7A076BC170C}.Debug|Any CPU.ActiveCfg = Debug|Any CPU
		{BC548B3A-36C8-41F7-82DB-E7A076BC170C}.Debug|Any CPU.Build.0 = Debug|Any CPU
		{BC548B3A-36C8-41F7-82DB-E7A076BC170C}.Release|Any CPU.ActiveCfg = Release|Any CPU
		{BC548B3A-36C8-41F7-82DB-E7A076BC170C}.Release|Any CPU.Build.0 = Release|Any CPU
		{8D8A4834-2C7A-4E54-9E1B-537329A45B51}.Debug|Any CPU.ActiveCfg = Debug|Any CPU
		{8D8A4834-2C7A-4E54-9E1B-537329A45B51}.Debug|Any CPU.Build.0 = Debug|Any CPU
		{8D8A4834-2C7A-4E54-9E1B-537329A45B51}.Release|Any CPU.ActiveCfg = Release|Any CPU
		{8D8A4834-2C7A-4E54-9E1B-537329A45B51}.Release|Any CPU.Build.0 = Release|Any CPU
		{071FBB4E-4571-4DD7-9364-1921FBF989B5}.Debug|Any CPU.ActiveCfg = Debug|Any CPU
		{071FBB4E-4571-4DD7-9364-1921FBF989B5}.Debug|Any CPU.Build.0 = Debug|Any CPU
		{071FBB4E-4571-4DD7-9364-1921FBF989B5}.Release|Any CPU.ActiveCfg = Release|Any CPU
		{071FBB4E-4571-4DD7-9364-1921FBF989B5}.Release|Any CPU.Build.0 = Release|Any CPU
		{3D6EBB07-5AB1-4261-A31C-02C53C839F18}.Debug|Any CPU.ActiveCfg = Debug|Any CPU
		{3D6EBB07-5AB1-4261-A31C-02C53C839F18}.Debug|Any CPU.Build.0 = Debug|Any CPU
		{3D6EBB07-5AB1-4261-A31C-02C53C839F18}.Release|Any CPU.ActiveCfg = Release|Any CPU
		{3D6EBB07-5AB1-4261-A31C-02C53C839F18}.Release|Any CPU.Build.0 = Release|Any CPU
		{21649011-FFDA-4FEC-A827-2AA434450D38}.Debug|Any CPU.ActiveCfg = Debug|Any CPU
		{21649011-FFDA-4FEC-A827-2AA434450D38}.Debug|Any CPU.Build.0 = Debug|Any CPU
		{21649011-FFDA-4FEC-A827-2AA434450D38}.Release|Any CPU.ActiveCfg = Release|Any CPU
		{21649011-FFDA-4FEC-A827-2AA434450D38}.Release|Any CPU.Build.0 = Release|Any CPU
		{544CF6BE-EC8B-4CEE-836F-B676A1E7B089}.Debug|Any CPU.ActiveCfg = Debug|Any CPU
		{544CF6BE-EC8B-4CEE-836F-B676A1E7B089}.Debug|Any CPU.Build.0 = Debug|Any CPU
		{544CF6BE-EC8B-4CEE-836F-B676A1E7B089}.Release|Any CPU.ActiveCfg = Release|Any CPU
		{544CF6BE-EC8B-4CEE-836F-B676A1E7B089}.Release|Any CPU.Build.0 = Release|Any CPU
		{419B0E77-EEAD-40F8-87B0-D5C0F82F939E}.Debug|Any CPU.ActiveCfg = Debug|Any CPU
		{419B0E77-EEAD-40F8-87B0-D5C0F82F939E}.Debug|Any CPU.Build.0 = Debug|Any CPU
		{419B0E77-EEAD-40F8-87B0-D5C0F82F939E}.Release|Any CPU.ActiveCfg = Release|Any CPU
		{419B0E77-EEAD-40F8-87B0-D5C0F82F939E}.Release|Any CPU.Build.0 = Release|Any CPU
		{5D37C1AC-0AD1-4CD6-9EC5-1CEEF6774D47}.Debug|Any CPU.ActiveCfg = Debug|Any CPU
		{5D37C1AC-0AD1-4CD6-9EC5-1CEEF6774D47}.Debug|Any CPU.Build.0 = Debug|Any CPU
		{5D37C1AC-0AD1-4CD6-9EC5-1CEEF6774D47}.Release|Any CPU.ActiveCfg = Release|Any CPU
		{5D37C1AC-0AD1-4CD6-9EC5-1CEEF6774D47}.Release|Any CPU.Build.0 = Release|Any CPU
		{3E992DC3-3288-4585-848F-7B8F5FD24D09}.Debug|Any CPU.ActiveCfg = Debug|Any CPU
		{3E992DC3-3288-4585-848F-7B8F5FD24D09}.Debug|Any CPU.Build.0 = Debug|Any CPU
		{3E992DC3-3288-4585-848F-7B8F5FD24D09}.Release|Any CPU.ActiveCfg = Release|Any CPU
		{3E992DC3-3288-4585-848F-7B8F5FD24D09}.Release|Any CPU.Build.0 = Release|Any CPU
		{60D7AAB6-37B5-4C2D-AF2B-BB17E3C7CF8B}.Debug|Any CPU.ActiveCfg = Debug|Any CPU
		{60D7AAB6-37B5-4C2D-AF2B-BB17E3C7CF8B}.Debug|Any CPU.Build.0 = Debug|Any CPU
		{60D7AAB6-37B5-4C2D-AF2B-BB17E3C7CF8B}.Release|Any CPU.ActiveCfg = Release|Any CPU
		{60D7AAB6-37B5-4C2D-AF2B-BB17E3C7CF8B}.Release|Any CPU.Build.0 = Release|Any CPU
		{3BD462ED-82E2-43C7-ABA7-B05F88C52D25}.Debug|Any CPU.ActiveCfg = Debug|Any CPU
		{3BD462ED-82E2-43C7-ABA7-B05F88C52D25}.Debug|Any CPU.Build.0 = Debug|Any CPU
		{3BD462ED-82E2-43C7-ABA7-B05F88C52D25}.Release|Any CPU.ActiveCfg = Release|Any CPU
		{3BD462ED-82E2-43C7-ABA7-B05F88C52D25}.Release|Any CPU.Build.0 = Release|Any CPU
		{8401E301-95A4-47EA-B148-0D72096B8EA6}.Debug|Any CPU.ActiveCfg = Debug|Any CPU
		{8401E301-95A4-47EA-B148-0D72096B8EA6}.Debug|Any CPU.Build.0 = Debug|Any CPU
		{8401E301-95A4-47EA-B148-0D72096B8EA6}.Release|Any CPU.ActiveCfg = Release|Any CPU
		{8401E301-95A4-47EA-B148-0D72096B8EA6}.Release|Any CPU.Build.0 = Release|Any CPU
		{BDD1DCED-DD36-44D9-B399-3CD487358E04}.Debug|Any CPU.ActiveCfg = Debug|Any CPU
		{BDD1DCED-DD36-44D9-B399-3CD487358E04}.Debug|Any CPU.Build.0 = Debug|Any CPU
		{BDD1DCED-DD36-44D9-B399-3CD487358E04}.Release|Any CPU.ActiveCfg = Release|Any CPU
		{BDD1DCED-DD36-44D9-B399-3CD487358E04}.Release|Any CPU.Build.0 = Release|Any CPU
		{42B5CA61-1C2D-4D92-A231-B56131F58DD4}.Debug|Any CPU.ActiveCfg = Debug|Any CPU
		{42B5CA61-1C2D-4D92-A231-B56131F58DD4}.Debug|Any CPU.Build.0 = Debug|Any CPU
		{42B5CA61-1C2D-4D92-A231-B56131F58DD4}.Release|Any CPU.ActiveCfg = Release|Any CPU
		{42B5CA61-1C2D-4D92-A231-B56131F58DD4}.Release|Any CPU.Build.0 = Release|Any CPU
		{BC030A83-299D-46A1-B26A-7CD0A7DC8B67}.Debug|Any CPU.ActiveCfg = Debug|Any CPU
		{BC030A83-299D-46A1-B26A-7CD0A7DC8B67}.Debug|Any CPU.Build.0 = Debug|Any CPU
		{BC030A83-299D-46A1-B26A-7CD0A7DC8B67}.Release|Any CPU.ActiveCfg = Release|Any CPU
		{BC030A83-299D-46A1-B26A-7CD0A7DC8B67}.Release|Any CPU.Build.0 = Release|Any CPU
		{803E73B0-4167-4100-BB3D-D4B03B47771B}.Debug|Any CPU.ActiveCfg = Debug|Any CPU
		{803E73B0-4167-4100-BB3D-D4B03B47771B}.Debug|Any CPU.Build.0 = Debug|Any CPU
		{803E73B0-4167-4100-BB3D-D4B03B47771B}.Release|Any CPU.ActiveCfg = Release|Any CPU
		{803E73B0-4167-4100-BB3D-D4B03B47771B}.Release|Any CPU.Build.0 = Release|Any CPU
	EndGlobalSection
	GlobalSection(SolutionProperties) = preSolution
		HideSolutionNode = FALSE
	EndGlobalSection
	GlobalSection(NestedProjects) = preSolution
		{B76AA030-87DB-43EF-8D22-AC239B02B203} = {6B5684B2-4630-4755-9FEF-02E8E3EBC202}
		{02F903A1-5457-4972-BAA6-E232834E58C7} = {6B5684B2-4630-4755-9FEF-02E8E3EBC202}
		{56F6F194-B535-4BB5-A366-455A9DF68562} = {C0835471-1A20-4477-A3E7-3658D0B70383}
		{BC548B3A-36C8-41F7-82DB-E7A076BC170C} = {C0835471-1A20-4477-A3E7-3658D0B70383}
		{6B5684B2-4630-4755-9FEF-02E8E3EBC202} = {206009CC-0BCF-4207-AB2C-C3667DB17453}
		{C0835471-1A20-4477-A3E7-3658D0B70383} = {B62951F0-E84C-4F5B-892D-06AC72DA5C67}
		{723C8062-B9FA-4853-BADC-BB3FF8390E79} = {B62951F0-E84C-4F5B-892D-06AC72DA5C67}
		{8D8A4834-2C7A-4E54-9E1B-537329A45B51} = {723C8062-B9FA-4853-BADC-BB3FF8390E79}
		{071FBB4E-4571-4DD7-9364-1921FBF989B5} = {723C8062-B9FA-4853-BADC-BB3FF8390E79}
		{3D6EBB07-5AB1-4261-A31C-02C53C839F18} = {723C8062-B9FA-4853-BADC-BB3FF8390E79}
		{21649011-FFDA-4FEC-A827-2AA434450D38} = {723C8062-B9FA-4853-BADC-BB3FF8390E79}
		{E2E04442-6214-4EF5-B692-B7CCFF53B1AB} = {76ED29FF-5262-4723-BDB6-12BED12982DC}
		{544CF6BE-EC8B-4CEE-836F-B676A1E7B089} = {E2E04442-6214-4EF5-B692-B7CCFF53B1AB}
		{419B0E77-EEAD-40F8-87B0-D5C0F82F939E} = {51740F16-F065-462E-B5B1-E1C80237290D}
		{5D37C1AC-0AD1-4CD6-9EC5-1CEEF6774D47} = {07BBB3AC-3AE3-4B8B-8449-53DF4031C26C}
		{3E992DC3-3288-4585-848F-7B8F5FD24D09} = {2C7CF99B-3DAA-4BC8-B615-C1EEC26ABC96}
		{60D7AAB6-37B5-4C2D-AF2B-BB17E3C7CF8B} = {2C7CF99B-3DAA-4BC8-B615-C1EEC26ABC96}
		{9518D524-885C-4422-8A73-883AAA192618} = {F51B61B3-A252-4DF7-8C6C-5EF129F95A5A}
		{3BD462ED-82E2-43C7-ABA7-B05F88C52D25} = {9518D524-885C-4422-8A73-883AAA192618}
		{8401E301-95A4-47EA-B148-0D72096B8EA6} = {9518D524-885C-4422-8A73-883AAA192618}
		{BDD1DCED-DD36-44D9-B399-3CD487358E04} = {9518D524-885C-4422-8A73-883AAA192618}
		{42B5CA61-1C2D-4D92-A231-B56131F58DD4} = {9518D524-885C-4422-8A73-883AAA192618}
		{BC030A83-299D-46A1-B26A-7CD0A7DC8B67} = {42F7232B-8A29-49EC-82C3-CDA0626B6391}
		{803E73B0-4167-4100-BB3D-D4B03B47771B} = {42F7232B-8A29-49EC-82C3-CDA0626B6391}
	EndGlobalSection
	GlobalSection(ExtensibilityGlobals) = postSolution
		SolutionGuid = {17581C29-8726-4145-8AFE-C4849D36D82A}
	EndGlobalSection
EndGlobal
