
Microsoft Visual Studio Solution File, Format Version 12.00
# Visual Studio Version 16
VisualStudioVersion = 16.0.31605.320
MinimumVisualStudioVersion = 10.0.40219.1
Project("{2150E333-8FDC-42A3-9474-1A3956D46DE8}") = "Clase 01", "Clase 01", "{206009CC-0BCF-4207-AB2C-C3667DB17453}"
EndProject
Project("{9A19103F-16F7-4668-BE54-9A1E7A4F7556}") = "01_C_Ej_01", "Calculadora\01_C_Ej_01.csproj", "{B76AA030-87DB-43EF-8D22-AC239B02B203}"
EndProject
Project("{9A19103F-16F7-4668-BE54-9A1E7A4F7556}") = "01_C_Ej_02", "EjemploArrays\01_C_Ej_02.csproj", "{02F903A1-5457-4972-BAA6-E232834E58C7}"
EndProject
Project("{2150E333-8FDC-42A3-9474-1A3956D46DE8}") = "Clase 02", "Clase 02", "{B62951F0-E84C-4F5B-892D-06AC72DA5C67}"
EndProject
Project("{9A19103F-16F7-4668-BE54-9A1E7A4F7556}") = "02_C_Ej_01", "02_Ejercicio_01\02_C_Ej_01.csproj", "{56F6F194-B535-4BB5-A366-455A9DF68562}"
EndProject
Project("{9A19103F-16F7-4668-BE54-9A1E7A4F7556}") = "02_C_Ej_02", "02_Ejercicio_02\02_C_Ej_02.csproj", "{BC548B3A-36C8-41F7-82DB-E7A076BC170C}"
EndProject
Project("{2150E333-8FDC-42A3-9474-1A3956D46DE8}") = "En Clase", "En Clase", "{6B5684B2-4630-4755-9FEF-02E8E3EBC202}"
EndProject
Project("{2150E333-8FDC-42A3-9474-1A3956D46DE8}") = "En clase", "En clase", "{C0835471-1A20-4477-A3E7-3658D0B70383}"
EndProject
Project("{2150E333-8FDC-42A3-9474-1A3956D46DE8}") = "Tarea", "Tarea", "{723C8062-B9FA-4853-BADC-BB3FF8390E79}"
EndProject
Project("{9A19103F-16F7-4668-BE54-9A1E7A4F7556}") = "02_T_Ej_01", "02_Tarea_Ejercicio_01\02_T_Ej_01.csproj", "{8D8A4834-2C7A-4E54-9E1B-537329A45B51}"
EndProject
Project("{9A19103F-16F7-4668-BE54-9A1E7A4F7556}") = "02_T_Ej_02", "02_Tarea_Ejercicio_02\02_T_Ej_02.csproj", "{071FBB4E-4571-4DD7-9364-1921FBF989B5}"
EndProject
Project("{FAE04EC0-301F-11D3-BF4B-00C04F79EFBC}") = "02_T_Ej_03", "02_Tarea_Ejercicio_03\02_T_Ej_03.csproj", "{3D6EBB07-5AB1-4261-A31C-02C53C839F18}"
EndProject
Project("{9A19103F-16F7-4668-BE54-9A1E7A4F7556}") = "02_T_Ej_04", "02_T_Ej_04\02_T_Ej_04.csproj", "{21649011-FFDA-4FEC-A827-2AA434450D38}"
EndProject
Project("{FAE04EC0-301F-11D3-BF4B-00C04F79EFBC}") = "02_T_Ej_02_v2", "02_T_Ej_02_v2\02_T_Ej_02_v2.csproj", "{4C2B00F7-AE87-4E8A-8EBF-3987B406E419}"
EndProject
Global
	GlobalSection(SolutionConfigurationPlatforms) = preSolution
		Debug|Any CPU = Debug|Any CPU
		Release|Any CPU = Release|Any CPU
	EndGlobalSection
	GlobalSection(ProjectConfigurationPlatforms) = postSolution
		{B76AA030-87DB-43EF-8D22-AC239B02B203}.Debug|Any CPU.ActiveCfg = Debug|Any CPU
		{B76AA030-87DB-43EF-8D22-AC239B02B203}.Debug|Any CPU.Build.0 = Debug|Any CPU
		{B76AA030-87DB-43EF-8D22-AC239B02B203}.Release|Any CPU.ActiveCfg = Release|Any CPU
		{B76AA030-87DB-43EF-8D22-AC239B02B203}.Release|Any CPU.Build.0 = Release|Any CPU
		{02F903A1-5457-4972-BAA6-E232834E58C7}.Debug|Any CPU.ActiveCfg = Debug|Any CPU
		{02F903A1-5457-4972-BAA6-E232834E58C7}.Debug|Any CPU.Build.0 = Debug|Any CPU
		{02F903A1-5457-4972-BAA6-E232834E58C7}.Release|Any CPU.ActiveCfg = Release|Any CPU
		{02F903A1-5457-4972-BAA6-E232834E58C7}.Release|Any CPU.Build.0 = Release|Any CPU
		{56F6F194-B535-4BB5-A366-455A9DF68562}.Debug|Any CPU.ActiveCfg = Debug|Any CPU
		{56F6F194-B535-4BB5-A366-455A9DF68562}.Debug|Any CPU.Build.0 = Debug|Any CPU
		{56F6F194-B535-4BB5-A366-455A9DF68562}.Release|Any CPU.ActiveCfg = Release|Any CPU
		{56F6F194-B535-4BB5-A366-455A9DF68562}.Release|Any CPU.Build.0 = Release|Any CPU
		{BC548B3A-36C8-41F7-82DB-E7A076BC170C}.Debug|Any CPU.ActiveCfg = Debug|Any CPU
		{BC548B3A-36C8-41F7-82DB-E7A076BC170C}.Debug|Any CPU.Build.0 = Debug|Any CPU
		{BC548B3A-36C8-41F7-82DB-E7A076BC170C}.Release|Any CPU.ActiveCfg = Release|Any CPU
		{BC548B3A-36C8-41F7-82DB-E7A076BC170C}.Release|Any CPU.Build.0 = Release|Any CPU
		{8D8A4834-2C7A-4E54-9E1B-537329A45B51}.Debug|Any CPU.ActiveCfg = Debug|Any CPU
		{8D8A4834-2C7A-4E54-9E1B-537329A45B51}.Debug|Any CPU.Build.0 = Debug|Any CPU
		{8D8A4834-2C7A-4E54-9E1B-537329A45B51}.Release|Any CPU.ActiveCfg = Release|Any CPU
		{8D8A4834-2C7A-4E54-9E1B-537329A45B51}.Release|Any CPU.Build.0 = Release|Any CPU
		{071FBB4E-4571-4DD7-9364-1921FBF989B5}.Debug|Any CPU.ActiveCfg = Debug|Any CPU
		{071FBB4E-4571-4DD7-9364-1921FBF989B5}.Debug|Any CPU.Build.0 = Debug|Any CPU
		{071FBB4E-4571-4DD7-9364-1921FBF989B5}.Release|Any CPU.ActiveCfg = Release|Any CPU
		{071FBB4E-4571-4DD7-9364-1921FBF989B5}.Release|Any CPU.Build.0 = Release|Any CPU
		{3D6EBB07-5AB1-4261-A31C-02C53C839F18}.Debug|Any CPU.ActiveCfg = Debug|Any CPU
		{3D6EBB07-5AB1-4261-A31C-02C53C839F18}.Debug|Any CPU.Build.0 = Debug|Any CPU
		{3D6EBB07-5AB1-4261-A31C-02C53C839F18}.Release|Any CPU.ActiveCfg = Release|Any CPU
		{3D6EBB07-5AB1-4261-A31C-02C53C839F18}.Release|Any CPU.Build.0 = Release|Any CPU
		{21649011-FFDA-4FEC-A827-2AA434450D38}.Debug|Any CPU.ActiveCfg = Debug|Any CPU
		{21649011-FFDA-4FEC-A827-2AA434450D38}.Debug|Any CPU.Build.0 = Debug|Any CPU
		{21649011-FFDA-4FEC-A827-2AA434450D38}.Release|Any CPU.ActiveCfg = Release|Any CPU
		{21649011-FFDA-4FEC-A827-2AA434450D38}.Release|Any CPU.Build.0 = Release|Any CPU
		{4C2B00F7-AE87-4E8A-8EBF-3987B406E419}.Debug|Any CPU.ActiveCfg = Debug|Any CPU
		{4C2B00F7-AE87-4E8A-8EBF-3987B406E419}.Debug|Any CPU.Build.0 = Debug|Any CPU
		{4C2B00F7-AE87-4E8A-8EBF-3987B406E419}.Release|Any CPU.ActiveCfg = Release|Any CPU
		{4C2B00F7-AE87-4E8A-8EBF-3987B406E419}.Release|Any CPU.Build.0 = Release|Any CPU
	EndGlobalSection
	GlobalSection(SolutionProperties) = preSolution
		HideSolutionNode = FALSE
	EndGlobalSection
	GlobalSection(NestedProjects) = preSolution
		{B76AA030-87DB-43EF-8D22-AC239B02B203} = {6B5684B2-4630-4755-9FEF-02E8E3EBC202}
		{02F903A1-5457-4972-BAA6-E232834E58C7} = {6B5684B2-4630-4755-9FEF-02E8E3EBC202}
		{56F6F194-B535-4BB5-A366-455A9DF68562} = {C0835471-1A20-4477-A3E7-3658D0B70383}
		{BC548B3A-36C8-41F7-82DB-E7A076BC170C} = {C0835471-1A20-4477-A3E7-3658D0B70383}
		{6B5684B2-4630-4755-9FEF-02E8E3EBC202} = {206009CC-0BCF-4207-AB2C-C3667DB17453}
		{C0835471-1A20-4477-A3E7-3658D0B70383} = {B62951F0-E84C-4F5B-892D-06AC72DA5C67}
		{723C8062-B9FA-4853-BADC-BB3FF8390E79} = {B62951F0-E84C-4F5B-892D-06AC72DA5C67}
		{8D8A4834-2C7A-4E54-9E1B-537329A45B51} = {723C8062-B9FA-4853-BADC-BB3FF8390E79}
		{071FBB4E-4571-4DD7-9364-1921FBF989B5} = {723C8062-B9FA-4853-BADC-BB3FF8390E79}
		{3D6EBB07-5AB1-4261-A31C-02C53C839F18} = {723C8062-B9FA-4853-BADC-BB3FF8390E79}
		{21649011-FFDA-4FEC-A827-2AA434450D38} = {723C8062-B9FA-4853-BADC-BB3FF8390E79}
		{4C2B00F7-AE87-4E8A-8EBF-3987B406E419} = {723C8062-B9FA-4853-BADC-BB3FF8390E79}
	EndGlobalSection
	GlobalSection(ExtensibilityGlobals) = postSolution
		SolutionGuid = {17581C29-8726-4145-8AFE-C4849D36D82A}
	EndGlobalSection
EndGlobal
